Microsoft Visual Studio Solution File, Format Version 12.00
# Visual Studio Version 17
VisualStudioVersion = 17.5.2.0
MinimumVisualStudioVersion = 10.0.40219.1
Project("{FAE04EC0-301F-11D3-BF4B-00C04F79EFBC}") = "FileProcessingFunction", "FileProcessingFunction.csproj", "{C4F38A32-CBDD-2369-3ABF-F4C3BF5A5776}"
EndProject
Global
	GlobalSection(SolutionConfigurationPlatforms) = preSolution
		Debug|Any CPU = Debug|Any CPU
		Release|Any CPU = Release|Any CPU
	EndGlobalSection
	GlobalSection(ProjectConfigurationPlatforms) = postSolution
		{C4F38A32-CBDD-2369-3ABF-F4C3BF5A5776}.Debug|Any CPU.ActiveCfg = Debug|Any CPU
		{C4F38A32-CBDD-2369-3ABF-F4C3BF5A5776}.Debug|Any CPU.Build.0 = Debug|Any CPU
		{C4F38A32-CBDD-2369-3ABF-F4C3BF5A5776}.Release|Any CPU.ActiveCfg = Release|Any CPU
		{C4F38A32-CBDD-2369-3ABF-F4C3BF5A5776}.Release|Any CPU.Build.0 = Release|Any CPU
	EndGlobalSection
	GlobalSection(SolutionProperties) = preSolution
		HideSolutionNode = FALSE
	EndGlobalSection
	GlobalSection(ExtensibilityGlobals) = postSolution
		SolutionGuid = {4989C1FF-00CC-4B29-90F5-A41647276E27}
	EndGlobalSection
EndGlobal
